
Microsoft Visual Studio Solution File, Format Version 12.00
# Visual Studio Version 17
VisualStudioVersion = 17.11.35327.3
MinimumVisualStudioVersion = 10.0.40219.1
Project("{FAE04EC0-301F-11D3-BF4B-00C04F79EFBC}") = "MsExcelConverter", "MsExcelConverter.csproj", "{1ACF93D2-7BF4-4C36-AC82-07773BA62269}"
EndProject
Global
	GlobalSection(SolutionConfigurationPlatforms) = preSolution
		Debug|Any CPU = Debug|Any CPU
		Debug|x64 = Debug|x64
		Production|Any CPU = Production|Any CPU
		Production|x64 = Production|x64
		Release|Any CPU = Release|Any CPU
		Release|x64 = Release|x64
	EndGlobalSection
	GlobalSection(ProjectConfigurationPlatforms) = postSolution
		{1ACF93D2-7BF4-4C36-AC82-07773BA62269}.Debug|Any CPU.ActiveCfg = Debug|Any CPU
		{1ACF93D2-7BF4-4C36-AC82-07773BA62269}.Debug|Any CPU.Build.0 = Debug|Any CPU
		{1ACF93D2-7BF4-4C36-AC82-07773BA62269}.Debug|x64.ActiveCfg = Debug|x64
		{1ACF93D2-7BF4-4C36-AC82-07773BA62269}.Debug|x64.Build.0 = Debug|x64
		{1ACF93D2-7BF4-4C36-AC82-07773BA62269}.Production|Any CPU.ActiveCfg = Production|x64
		{1ACF93D2-7BF4-4C36-AC82-07773BA62269}.Production|Any CPU.Build.0 = Production|x64
		{1ACF93D2-7BF4-4C36-AC82-07773BA62269}.Production|x64.ActiveCfg = Production|x64
		{1ACF93D2-7BF4-4C36-AC82-07773BA62269}.Production|x64.Build.0 = Production|x64
		{1ACF93D2-7BF4-4C36-AC82-07773BA62269}.Release|Any CPU.ActiveCfg = Release|Any CPU
		{1ACF93D2-7BF4-4C36-AC82-07773BA62269}.Release|Any CPU.Build.0 = Release|Any CPU
		{1ACF93D2-7BF4-4C36-AC82-07773BA62269}.Release|x64.ActiveCfg = Release|x64
		{1ACF93D2-7BF4-4C36-AC82-07773BA62269}.Release|x64.Build.0 = Release|x64
	EndGlobalSection
	GlobalSection(SolutionProperties) = preSolution
		HideSolutionNode = FALSE
	EndGlobalSection
	GlobalSection(ExtensibilityGlobals) = postSolution
		SolutionGuid = {FC2A9745-9C6C-4810-82AB-FE6B4F6D6D88}
	EndGlobalSection
EndGlobal
